
Microsoft Visual Studio Solution File, Format Version 12.00
# Visual Studio Version 16
VisualStudioVersion = 16.0.30011.22
MinimumVisualStudioVersion = 10.0.40219.1
Project("{FAE04EC0-301F-11D3-BF4B-00C04F79EFBC}") = "1.- For1", "1.- For1.csproj", "{47204768-74B0-4A5A-94C5-272FD5BFCD42}"
EndProject
Global
	GlobalSection(SolutionConfigurationPlatforms) = preSolution
		Debug|Any CPU = Debug|Any CPU
		Release|Any CPU = Release|Any CPU
	EndGlobalSection
	GlobalSection(ProjectConfigurationPlatforms) = postSolution
		{47204768-74B0-4A5A-94C5-272FD5BFCD42}.Debug|Any CPU.ActiveCfg = Debug|Any CPU
		{47204768-74B0-4A5A-94C5-272FD5BFCD42}.Debug|Any CPU.Build.0 = Debug|Any CPU
		{47204768-74B0-4A5A-94C5-272FD5BFCD42}.Release|Any CPU.ActiveCfg = Release|Any CPU
		{47204768-74B0-4A5A-94C5-272FD5BFCD42}.Release|Any CPU.Build.0 = Release|Any CPU
	EndGlobalSection
	GlobalSection(SolutionProperties) = preSolution
		HideSolutionNode = FALSE
	EndGlobalSection
	GlobalSection(ExtensibilityGlobals) = postSolution
		SolutionGuid = {F95BBF5E-1C55-4918-AF98-6B10EB2DC427}
	EndGlobalSection
EndGlobal
