
Microsoft Visual Studio Solution File, Format Version 12.00
# Visual Studio Version 16
VisualStudioVersion = 16.0.29519.181
MinimumVisualStudioVersion = 10.0.40219.1
Project("{FAE04EC0-301F-11D3-BF4B-00C04F79EFBC}") = "ejercicio12", "ejercicio12.csproj", "{401691DF-C632-4304-A30B-354596CAB107}"
EndProject
Global
	GlobalSection(SolutionConfigurationPlatforms) = preSolution
		Debug|Any CPU = Debug|Any CPU
		Release|Any CPU = Release|Any CPU
	EndGlobalSection
	GlobalSection(ProjectConfigurationPlatforms) = postSolution
		{401691DF-C632-4304-A30B-354596CAB107}.Debug|Any CPU.ActiveCfg = Debug|Any CPU
		{401691DF-C632-4304-A30B-354596CAB107}.Debug|Any CPU.Build.0 = Debug|Any CPU
		{401691DF-C632-4304-A30B-354596CAB107}.Release|Any CPU.ActiveCfg = Release|Any CPU
		{401691DF-C632-4304-A30B-354596CAB107}.Release|Any CPU.Build.0 = Release|Any CPU
	EndGlobalSection
	GlobalSection(SolutionProperties) = preSolution
		HideSolutionNode = FALSE
	EndGlobalSection
	GlobalSection(ExtensibilityGlobals) = postSolution
		SolutionGuid = {5091E39E-7433-4734-9CA8-F3BB2EC452EC}
	EndGlobalSection
EndGlobal
