
Microsoft Visual Studio Solution File, Format Version 12.00
# Visual Studio Version 16
VisualStudioVersion = 16.0.30406.217
MinimumVisualStudioVersion = 10.0.40219.1
Project("{FAE04EC0-301F-11D3-BF4B-00C04F79EFBC}") = "Ejer10", "Ejer10\Ejer10.csproj", "{9CC71ED3-53A1-49B9-B111-EF12D302C47D}"
EndProject
Global
	GlobalSection(SolutionConfigurationPlatforms) = preSolution
		Debug|Any CPU = Debug|Any CPU
		Release|Any CPU = Release|Any CPU
	EndGlobalSection
	GlobalSection(ProjectConfigurationPlatforms) = postSolution
		{9CC71ED3-53A1-49B9-B111-EF12D302C47D}.Debug|Any CPU.ActiveCfg = Debug|Any CPU
		{9CC71ED3-53A1-49B9-B111-EF12D302C47D}.Debug|Any CPU.Build.0 = Debug|Any CPU
		{9CC71ED3-53A1-49B9-B111-EF12D302C47D}.Release|Any CPU.ActiveCfg = Release|Any CPU
		{9CC71ED3-53A1-49B9-B111-EF12D302C47D}.Release|Any CPU.Build.0 = Release|Any CPU
	EndGlobalSection
	GlobalSection(SolutionProperties) = preSolution
		HideSolutionNode = FALSE
	EndGlobalSection
	GlobalSection(ExtensibilityGlobals) = postSolution
		SolutionGuid = {0D7784C8-1E78-4604-AD1C-D7E666BA37A1}
	EndGlobalSection
EndGlobal
