
Microsoft Visual Studio Solution File, Format Version 12.00
# Visual Studio Version 16
VisualStudioVersion = 16.0.30413.136
MinimumVisualStudioVersion = 10.0.40219.1
Project("{FAE04EC0-301F-11D3-BF4B-00C04F79EFBC}") = "ejercicio1", "ejercicio1\ejercicio1.csproj", "{5586CCB2-CF60-4288-901F-D481900FB4DF}"
EndProject
Global
	GlobalSection(SolutionConfigurationPlatforms) = preSolution
		Debug|Any CPU = Debug|Any CPU
		Release|Any CPU = Release|Any CPU
	EndGlobalSection
	GlobalSection(ProjectConfigurationPlatforms) = postSolution
		{5586CCB2-CF60-4288-901F-D481900FB4DF}.Debug|Any CPU.ActiveCfg = Debug|Any CPU
		{5586CCB2-CF60-4288-901F-D481900FB4DF}.Debug|Any CPU.Build.0 = Debug|Any CPU
		{5586CCB2-CF60-4288-901F-D481900FB4DF}.Release|Any CPU.ActiveCfg = Release|Any CPU
		{5586CCB2-CF60-4288-901F-D481900FB4DF}.Release|Any CPU.Build.0 = Release|Any CPU
	EndGlobalSection
	GlobalSection(SolutionProperties) = preSolution
		HideSolutionNode = FALSE
	EndGlobalSection
	GlobalSection(ExtensibilityGlobals) = postSolution
		SolutionGuid = {5EF67459-A6EF-4261-8832-A799D1BBA54D}
	EndGlobalSection
EndGlobal
