
Microsoft Visual Studio Solution File, Format Version 12.00
# Visual Studio Version 16
VisualStudioVersion = 16.0.30406.217
MinimumVisualStudioVersion = 10.0.40219.1
Project("{FAE04EC0-301F-11D3-BF4B-00C04F79EFBC}") = "Ejer2", "Ejer2\Ejer2.csproj", "{FB0FFFEB-71D8-4B2E-A92C-D38DF512E36B}"
EndProject
Global
	GlobalSection(SolutionConfigurationPlatforms) = preSolution
		Debug|Any CPU = Debug|Any CPU
		Release|Any CPU = Release|Any CPU
	EndGlobalSection
	GlobalSection(ProjectConfigurationPlatforms) = postSolution
		{FB0FFFEB-71D8-4B2E-A92C-D38DF512E36B}.Debug|Any CPU.ActiveCfg = Debug|Any CPU
		{FB0FFFEB-71D8-4B2E-A92C-D38DF512E36B}.Debug|Any CPU.Build.0 = Debug|Any CPU
		{FB0FFFEB-71D8-4B2E-A92C-D38DF512E36B}.Release|Any CPU.ActiveCfg = Release|Any CPU
		{FB0FFFEB-71D8-4B2E-A92C-D38DF512E36B}.Release|Any CPU.Build.0 = Release|Any CPU
	EndGlobalSection
	GlobalSection(SolutionProperties) = preSolution
		HideSolutionNode = FALSE
	EndGlobalSection
	GlobalSection(ExtensibilityGlobals) = postSolution
		SolutionGuid = {3BB31365-CCE8-4953-A74D-4914AC7BAE69}
	EndGlobalSection
EndGlobal
