
Microsoft Visual Studio Solution File, Format Version 12.00
# Visual Studio Version 16
VisualStudioVersion = 16.0.30517.126
MinimumVisualStudioVersion = 10.0.40219.1
Project("{FAE04EC0-301F-11D3-BF4B-00C04F79EFBC}") = "9.- Ejercicio 9", "9.- Ejercicio 9.csproj", "{97CEDCC4-4D7A-4427-A70B-652B42112FBC}"
EndProject
Global
	GlobalSection(SolutionConfigurationPlatforms) = preSolution
		Debug|Any CPU = Debug|Any CPU
		Release|Any CPU = Release|Any CPU
	EndGlobalSection
	GlobalSection(ProjectConfigurationPlatforms) = postSolution
		{97CEDCC4-4D7A-4427-A70B-652B42112FBC}.Debug|Any CPU.ActiveCfg = Debug|Any CPU
		{97CEDCC4-4D7A-4427-A70B-652B42112FBC}.Debug|Any CPU.Build.0 = Debug|Any CPU
		{97CEDCC4-4D7A-4427-A70B-652B42112FBC}.Release|Any CPU.ActiveCfg = Release|Any CPU
		{97CEDCC4-4D7A-4427-A70B-652B42112FBC}.Release|Any CPU.Build.0 = Release|Any CPU
	EndGlobalSection
	GlobalSection(SolutionProperties) = preSolution
		HideSolutionNode = FALSE
	EndGlobalSection
	GlobalSection(ExtensibilityGlobals) = postSolution
		SolutionGuid = {2E7516DB-CE12-4592-B293-431B871C28AD}
	EndGlobalSection
EndGlobal
