
Microsoft Visual Studio Solution File, Format Version 12.00
# Visual Studio Version 16
VisualStudioVersion = 16.0.29519.181
MinimumVisualStudioVersion = 10.0.40219.1
Project("{FAE04EC0-301F-11D3-BF4B-00C04F79EFBC}") = "ejercicio23", "ejercicio23.csproj", "{70021113-9552-4911-8BD1-5A6EB6A4A2F6}"
EndProject
Global
	GlobalSection(SolutionConfigurationPlatforms) = preSolution
		Debug|Any CPU = Debug|Any CPU
		Release|Any CPU = Release|Any CPU
	EndGlobalSection
	GlobalSection(ProjectConfigurationPlatforms) = postSolution
		{70021113-9552-4911-8BD1-5A6EB6A4A2F6}.Debug|Any CPU.ActiveCfg = Debug|Any CPU
		{70021113-9552-4911-8BD1-5A6EB6A4A2F6}.Debug|Any CPU.Build.0 = Debug|Any CPU
		{70021113-9552-4911-8BD1-5A6EB6A4A2F6}.Release|Any CPU.ActiveCfg = Release|Any CPU
		{70021113-9552-4911-8BD1-5A6EB6A4A2F6}.Release|Any CPU.Build.0 = Release|Any CPU
	EndGlobalSection
	GlobalSection(SolutionProperties) = preSolution
		HideSolutionNode = FALSE
	EndGlobalSection
	GlobalSection(ExtensibilityGlobals) = postSolution
		SolutionGuid = {06F2422D-A16F-41C5-A5A1-E9E7BF3AA281}
	EndGlobalSection
EndGlobal
