
Microsoft Visual Studio Solution File, Format Version 12.00
# Visual Studio Version 16
VisualStudioVersion = 16.0.30406.217
MinimumVisualStudioVersion = 10.0.40219.1
Project("{FAE04EC0-301F-11D3-BF4B-00C04F79EFBC}") = "5.- Ejemplo 5", "5.- Ejemplo 5.csproj", "{D7D84E0D-FAB7-4E52-8407-D6D5EBB14CBD}"
EndProject
Global
	GlobalSection(SolutionConfigurationPlatforms) = preSolution
		Debug|Any CPU = Debug|Any CPU
		Release|Any CPU = Release|Any CPU
	EndGlobalSection
	GlobalSection(ProjectConfigurationPlatforms) = postSolution
		{D7D84E0D-FAB7-4E52-8407-D6D5EBB14CBD}.Debug|Any CPU.ActiveCfg = Debug|Any CPU
		{D7D84E0D-FAB7-4E52-8407-D6D5EBB14CBD}.Debug|Any CPU.Build.0 = Debug|Any CPU
		{D7D84E0D-FAB7-4E52-8407-D6D5EBB14CBD}.Release|Any CPU.ActiveCfg = Release|Any CPU
		{D7D84E0D-FAB7-4E52-8407-D6D5EBB14CBD}.Release|Any CPU.Build.0 = Release|Any CPU
	EndGlobalSection
	GlobalSection(SolutionProperties) = preSolution
		HideSolutionNode = FALSE
	EndGlobalSection
	GlobalSection(ExtensibilityGlobals) = postSolution
		SolutionGuid = {E29F2985-309A-4805-874B-052BCF61BCA0}
	EndGlobalSection
EndGlobal
