
Microsoft Visual Studio Solution File, Format Version 12.00
# Visual Studio Version 16
VisualStudioVersion = 16.0.31605.320
MinimumVisualStudioVersion = 10.0.40219.1
Project("{FAE04EC0-301F-11D3-BF4B-00C04F79EFBC}") = "04_IF", "04_IF\04_IF.csproj", "{8225678A-D113-4046-8875-8D43F4996715}"
EndProject
Global
	GlobalSection(SolutionConfigurationPlatforms) = preSolution
		Debug|Any CPU = Debug|Any CPU
		Release|Any CPU = Release|Any CPU
	EndGlobalSection
	GlobalSection(ProjectConfigurationPlatforms) = postSolution
		{8225678A-D113-4046-8875-8D43F4996715}.Debug|Any CPU.ActiveCfg = Debug|Any CPU
		{8225678A-D113-4046-8875-8D43F4996715}.Debug|Any CPU.Build.0 = Debug|Any CPU
		{8225678A-D113-4046-8875-8D43F4996715}.Release|Any CPU.ActiveCfg = Release|Any CPU
		{8225678A-D113-4046-8875-8D43F4996715}.Release|Any CPU.Build.0 = Release|Any CPU
	EndGlobalSection
	GlobalSection(SolutionProperties) = preSolution
		HideSolutionNode = FALSE
	EndGlobalSection
	GlobalSection(ExtensibilityGlobals) = postSolution
		SolutionGuid = {101CDDB7-7218-4995-9D95-1B8069F582D9}
	EndGlobalSection
EndGlobal
