
Microsoft Visual Studio Solution File, Format Version 12.00
# Visual Studio Version 16
VisualStudioVersion = 16.0.29519.181
MinimumVisualStudioVersion = 10.0.40219.1
Project("{FAE04EC0-301F-11D3-BF4B-00C04F79EFBC}") = "ejercicio20", "ejercicio20.csproj", "{A025952F-BE8E-49EF-A316-E466C7EEE44F}"
EndProject
Global
	GlobalSection(SolutionConfigurationPlatforms) = preSolution
		Debug|Any CPU = Debug|Any CPU
		Release|Any CPU = Release|Any CPU
	EndGlobalSection
	GlobalSection(ProjectConfigurationPlatforms) = postSolution
		{A025952F-BE8E-49EF-A316-E466C7EEE44F}.Debug|Any CPU.ActiveCfg = Debug|Any CPU
		{A025952F-BE8E-49EF-A316-E466C7EEE44F}.Debug|Any CPU.Build.0 = Debug|Any CPU
		{A025952F-BE8E-49EF-A316-E466C7EEE44F}.Release|Any CPU.ActiveCfg = Release|Any CPU
		{A025952F-BE8E-49EF-A316-E466C7EEE44F}.Release|Any CPU.Build.0 = Release|Any CPU
	EndGlobalSection
	GlobalSection(SolutionProperties) = preSolution
		HideSolutionNode = FALSE
	EndGlobalSection
	GlobalSection(ExtensibilityGlobals) = postSolution
		SolutionGuid = {69AAFD0E-C52A-472D-B00E-778A763CDC88}
	EndGlobalSection
EndGlobal
