
Microsoft Visual Studio Solution File, Format Version 12.00
# Visual Studio Version 16
VisualStudioVersion = 16.0.29519.181
MinimumVisualStudioVersion = 10.0.40219.1
Project("{FAE04EC0-301F-11D3-BF4B-00C04F79EFBC}") = "ejercicio5", "ejercicio5.csproj", "{FC0660FC-BA61-44BA-A10F-5BA87E1D8523}"
EndProject
Global
	GlobalSection(SolutionConfigurationPlatforms) = preSolution
		Debug|Any CPU = Debug|Any CPU
		Release|Any CPU = Release|Any CPU
	EndGlobalSection
	GlobalSection(ProjectConfigurationPlatforms) = postSolution
		{FC0660FC-BA61-44BA-A10F-5BA87E1D8523}.Debug|Any CPU.ActiveCfg = Debug|Any CPU
		{FC0660FC-BA61-44BA-A10F-5BA87E1D8523}.Debug|Any CPU.Build.0 = Debug|Any CPU
		{FC0660FC-BA61-44BA-A10F-5BA87E1D8523}.Release|Any CPU.ActiveCfg = Release|Any CPU
		{FC0660FC-BA61-44BA-A10F-5BA87E1D8523}.Release|Any CPU.Build.0 = Release|Any CPU
	EndGlobalSection
	GlobalSection(SolutionProperties) = preSolution
		HideSolutionNode = FALSE
	EndGlobalSection
	GlobalSection(ExtensibilityGlobals) = postSolution
		SolutionGuid = {F2885551-EC2F-4805-A375-AEEB05AC67AF}
	EndGlobalSection
EndGlobal
