
Microsoft Visual Studio Solution File, Format Version 12.00
# Visual Studio Version 16
VisualStudioVersion = 16.0.30406.217
MinimumVisualStudioVersion = 10.0.40219.1
Project("{FAE04EC0-301F-11D3-BF4B-00C04F79EFBC}") = "2.- Arreglo 2", "2.- Arreglo 2.csproj", "{2F1A406E-E24F-46EB-861E-299502CB0B70}"
EndProject
Global
	GlobalSection(SolutionConfigurationPlatforms) = preSolution
		Debug|Any CPU = Debug|Any CPU
		Release|Any CPU = Release|Any CPU
	EndGlobalSection
	GlobalSection(ProjectConfigurationPlatforms) = postSolution
		{2F1A406E-E24F-46EB-861E-299502CB0B70}.Debug|Any CPU.ActiveCfg = Debug|Any CPU
		{2F1A406E-E24F-46EB-861E-299502CB0B70}.Debug|Any CPU.Build.0 = Debug|Any CPU
		{2F1A406E-E24F-46EB-861E-299502CB0B70}.Release|Any CPU.ActiveCfg = Release|Any CPU
		{2F1A406E-E24F-46EB-861E-299502CB0B70}.Release|Any CPU.Build.0 = Release|Any CPU
	EndGlobalSection
	GlobalSection(SolutionProperties) = preSolution
		HideSolutionNode = FALSE
	EndGlobalSection
	GlobalSection(ExtensibilityGlobals) = postSolution
		SolutionGuid = {CBD319B0-535E-4ACE-BD82-ED6A93BEF5C8}
	EndGlobalSection
EndGlobal
