
Microsoft Visual Studio Solution File, Format Version 12.00
# Visual Studio Version 16
VisualStudioVersion = 16.0.29519.181
MinimumVisualStudioVersion = 10.0.40219.1
Project("{FAE04EC0-301F-11D3-BF4B-00C04F79EFBC}") = "ejercicio3", "ejercicio3.csproj", "{126C03B9-EAC9-4C82-8609-E2EFE95D88A3}"
EndProject
Global
	GlobalSection(SolutionConfigurationPlatforms) = preSolution
		Debug|Any CPU = Debug|Any CPU
		Release|Any CPU = Release|Any CPU
	EndGlobalSection
	GlobalSection(ProjectConfigurationPlatforms) = postSolution
		{126C03B9-EAC9-4C82-8609-E2EFE95D88A3}.Debug|Any CPU.ActiveCfg = Debug|Any CPU
		{126C03B9-EAC9-4C82-8609-E2EFE95D88A3}.Debug|Any CPU.Build.0 = Debug|Any CPU
		{126C03B9-EAC9-4C82-8609-E2EFE95D88A3}.Release|Any CPU.ActiveCfg = Release|Any CPU
		{126C03B9-EAC9-4C82-8609-E2EFE95D88A3}.Release|Any CPU.Build.0 = Release|Any CPU
	EndGlobalSection
	GlobalSection(SolutionProperties) = preSolution
		HideSolutionNode = FALSE
	EndGlobalSection
	GlobalSection(ExtensibilityGlobals) = postSolution
		SolutionGuid = {CAF09B3F-B719-46F0-8F11-55C019153A72}
	EndGlobalSection
EndGlobal
