
Microsoft Visual Studio Solution File, Format Version 12.00
# Visual Studio Version 16
VisualStudioVersion = 16.0.30517.126
MinimumVisualStudioVersion = 10.0.40219.1
Project("{FAE04EC0-301F-11D3-BF4B-00C04F79EFBC}") = "2.- Archivo 2", "2.- Archivo 2.csproj", "{B8040D6F-4A46-41B3-9C87-0FD4E26768C0}"
EndProject
Global
	GlobalSection(SolutionConfigurationPlatforms) = preSolution
		Debug|Any CPU = Debug|Any CPU
		Release|Any CPU = Release|Any CPU
	EndGlobalSection
	GlobalSection(ProjectConfigurationPlatforms) = postSolution
		{B8040D6F-4A46-41B3-9C87-0FD4E26768C0}.Debug|Any CPU.ActiveCfg = Debug|Any CPU
		{B8040D6F-4A46-41B3-9C87-0FD4E26768C0}.Debug|Any CPU.Build.0 = Debug|Any CPU
		{B8040D6F-4A46-41B3-9C87-0FD4E26768C0}.Release|Any CPU.ActiveCfg = Release|Any CPU
		{B8040D6F-4A46-41B3-9C87-0FD4E26768C0}.Release|Any CPU.Build.0 = Release|Any CPU
	EndGlobalSection
	GlobalSection(SolutionProperties) = preSolution
		HideSolutionNode = FALSE
	EndGlobalSection
	GlobalSection(ExtensibilityGlobals) = postSolution
		SolutionGuid = {B4A757A4-BEE5-4E42-A676-17821D73FB7C}
	EndGlobalSection
EndGlobal
