
Microsoft Visual Studio Solution File, Format Version 12.00
# Visual Studio Version 16
VisualStudioVersion = 16.0.29519.181
MinimumVisualStudioVersion = 10.0.40219.1
Project("{FAE04EC0-301F-11D3-BF4B-00C04F79EFBC}") = "ejercicio4", "ejercicio4.csproj", "{0E86F424-C1D8-47EE-A9FB-396AF332A4AA}"
EndProject
Global
	GlobalSection(SolutionConfigurationPlatforms) = preSolution
		Debug|Any CPU = Debug|Any CPU
		Release|Any CPU = Release|Any CPU
	EndGlobalSection
	GlobalSection(ProjectConfigurationPlatforms) = postSolution
		{0E86F424-C1D8-47EE-A9FB-396AF332A4AA}.Debug|Any CPU.ActiveCfg = Debug|Any CPU
		{0E86F424-C1D8-47EE-A9FB-396AF332A4AA}.Debug|Any CPU.Build.0 = Debug|Any CPU
		{0E86F424-C1D8-47EE-A9FB-396AF332A4AA}.Release|Any CPU.ActiveCfg = Release|Any CPU
		{0E86F424-C1D8-47EE-A9FB-396AF332A4AA}.Release|Any CPU.Build.0 = Release|Any CPU
	EndGlobalSection
	GlobalSection(SolutionProperties) = preSolution
		HideSolutionNode = FALSE
	EndGlobalSection
	GlobalSection(ExtensibilityGlobals) = postSolution
		SolutionGuid = {7CF850AB-1D32-4CDB-923A-0D37AC225E28}
	EndGlobalSection
EndGlobal
