
Microsoft Visual Studio Solution File, Format Version 12.00
# Visual Studio Version 16
VisualStudioVersion = 16.0.29519.181
MinimumVisualStudioVersion = 10.0.40219.1
Project("{FAE04EC0-301F-11D3-BF4B-00C04F79EFBC}") = "ejercicio7", "ejercicio7.csproj", "{F2EA58B4-5952-4323-A832-9F4EF41FED5F}"
EndProject
Global
	GlobalSection(SolutionConfigurationPlatforms) = preSolution
		Debug|Any CPU = Debug|Any CPU
		Release|Any CPU = Release|Any CPU
	EndGlobalSection
	GlobalSection(ProjectConfigurationPlatforms) = postSolution
		{F2EA58B4-5952-4323-A832-9F4EF41FED5F}.Debug|Any CPU.ActiveCfg = Debug|Any CPU
		{F2EA58B4-5952-4323-A832-9F4EF41FED5F}.Debug|Any CPU.Build.0 = Debug|Any CPU
		{F2EA58B4-5952-4323-A832-9F4EF41FED5F}.Release|Any CPU.ActiveCfg = Release|Any CPU
		{F2EA58B4-5952-4323-A832-9F4EF41FED5F}.Release|Any CPU.Build.0 = Release|Any CPU
	EndGlobalSection
	GlobalSection(SolutionProperties) = preSolution
		HideSolutionNode = FALSE
	EndGlobalSection
	GlobalSection(ExtensibilityGlobals) = postSolution
		SolutionGuid = {C7FF565B-CA0C-4ED9-956A-AFE357C7F447}
	EndGlobalSection
EndGlobal
