
Microsoft Visual Studio Solution File, Format Version 12.00
# Visual Studio Version 16
VisualStudioVersion = 16.0.30406.217
MinimumVisualStudioVersion = 10.0.40219.1
Project("{FAE04EC0-301F-11D3-BF4B-00C04F79EFBC}") = "11.- ClaseParcial1", "11.- ClaseParcial1.csproj", "{12CA9B58-FE59-40EC-92A9-DC959AFF8C79}"
EndProject
Global
	GlobalSection(SolutionConfigurationPlatforms) = preSolution
		Debug|Any CPU = Debug|Any CPU
		Release|Any CPU = Release|Any CPU
	EndGlobalSection
	GlobalSection(ProjectConfigurationPlatforms) = postSolution
		{12CA9B58-FE59-40EC-92A9-DC959AFF8C79}.Debug|Any CPU.ActiveCfg = Debug|Any CPU
		{12CA9B58-FE59-40EC-92A9-DC959AFF8C79}.Debug|Any CPU.Build.0 = Debug|Any CPU
		{12CA9B58-FE59-40EC-92A9-DC959AFF8C79}.Release|Any CPU.ActiveCfg = Release|Any CPU
		{12CA9B58-FE59-40EC-92A9-DC959AFF8C79}.Release|Any CPU.Build.0 = Release|Any CPU
	EndGlobalSection
	GlobalSection(SolutionProperties) = preSolution
		HideSolutionNode = FALSE
	EndGlobalSection
	GlobalSection(ExtensibilityGlobals) = postSolution
		SolutionGuid = {0944EC8C-307A-4F29-AD52-F5B2786C5D8E}
	EndGlobalSection
EndGlobal
