
Microsoft Visual Studio Solution File, Format Version 12.00
# Visual Studio Version 16
VisualStudioVersion = 16.0.30330.147
MinimumVisualStudioVersion = 10.0.40219.1
Project("{FAE04EC0-301F-11D3-BF4B-00C04F79EFBC}") = "algoritmo17", "algoritmo17.csproj", "{C82AD87E-1230-4169-914A-9E032ABD074E}"
EndProject
Global
	GlobalSection(SolutionConfigurationPlatforms) = preSolution
		Debug|Any CPU = Debug|Any CPU
		Release|Any CPU = Release|Any CPU
	EndGlobalSection
	GlobalSection(ProjectConfigurationPlatforms) = postSolution
		{C82AD87E-1230-4169-914A-9E032ABD074E}.Debug|Any CPU.ActiveCfg = Debug|Any CPU
		{C82AD87E-1230-4169-914A-9E032ABD074E}.Debug|Any CPU.Build.0 = Debug|Any CPU
		{C82AD87E-1230-4169-914A-9E032ABD074E}.Release|Any CPU.ActiveCfg = Release|Any CPU
		{C82AD87E-1230-4169-914A-9E032ABD074E}.Release|Any CPU.Build.0 = Release|Any CPU
	EndGlobalSection
	GlobalSection(SolutionProperties) = preSolution
		HideSolutionNode = FALSE
	EndGlobalSection
	GlobalSection(ExtensibilityGlobals) = postSolution
		SolutionGuid = {62BE2F37-1EE4-4B11-B85C-90AE4AEDF4CF}
	EndGlobalSection
EndGlobal
