
Microsoft Visual Studio Solution File, Format Version 12.00
# Visual Studio Version 16
VisualStudioVersion = 16.0.30330.147
MinimumVisualStudioVersion = 10.0.40219.1
Project("{FAE04EC0-301F-11D3-BF4B-00C04F79EFBC}") = "algoritmo7", "algoritmo7.csproj", "{3423D7D0-05CA-4D8A-B538-904C390B1A6E}"
EndProject
Global
	GlobalSection(SolutionConfigurationPlatforms) = preSolution
		Debug|Any CPU = Debug|Any CPU
		Release|Any CPU = Release|Any CPU
	EndGlobalSection
	GlobalSection(ProjectConfigurationPlatforms) = postSolution
		{3423D7D0-05CA-4D8A-B538-904C390B1A6E}.Debug|Any CPU.ActiveCfg = Debug|Any CPU
		{3423D7D0-05CA-4D8A-B538-904C390B1A6E}.Debug|Any CPU.Build.0 = Debug|Any CPU
		{3423D7D0-05CA-4D8A-B538-904C390B1A6E}.Release|Any CPU.ActiveCfg = Release|Any CPU
		{3423D7D0-05CA-4D8A-B538-904C390B1A6E}.Release|Any CPU.Build.0 = Release|Any CPU
	EndGlobalSection
	GlobalSection(SolutionProperties) = preSolution
		HideSolutionNode = FALSE
	EndGlobalSection
	GlobalSection(ExtensibilityGlobals) = postSolution
		SolutionGuid = {8C6FD8AA-3DDF-48F1-B1D7-E77F6EF69F8B}
	EndGlobalSection
EndGlobal
