
Microsoft Visual Studio Solution File, Format Version 12.00
# Visual Studio Version 16
VisualStudioVersion = 16.0.30406.217
MinimumVisualStudioVersion = 10.0.40219.1
Project("{FAE04EC0-301F-11D3-BF4B-00C04F79EFBC}") = "Ejer14", "Ejer14\Ejer14.csproj", "{65AB5213-B16F-4EA0-8201-E4281E9C1031}"
EndProject
Global
	GlobalSection(SolutionConfigurationPlatforms) = preSolution
		Debug|Any CPU = Debug|Any CPU
		Release|Any CPU = Release|Any CPU
	EndGlobalSection
	GlobalSection(ProjectConfigurationPlatforms) = postSolution
		{65AB5213-B16F-4EA0-8201-E4281E9C1031}.Debug|Any CPU.ActiveCfg = Debug|Any CPU
		{65AB5213-B16F-4EA0-8201-E4281E9C1031}.Debug|Any CPU.Build.0 = Debug|Any CPU
		{65AB5213-B16F-4EA0-8201-E4281E9C1031}.Release|Any CPU.ActiveCfg = Release|Any CPU
		{65AB5213-B16F-4EA0-8201-E4281E9C1031}.Release|Any CPU.Build.0 = Release|Any CPU
	EndGlobalSection
	GlobalSection(SolutionProperties) = preSolution
		HideSolutionNode = FALSE
	EndGlobalSection
	GlobalSection(ExtensibilityGlobals) = postSolution
		SolutionGuid = {9E7CDA06-AEE6-4826-A592-9A592F1D0785}
	EndGlobalSection
EndGlobal
