
Microsoft Visual Studio Solution File, Format Version 12.00
# Visual Studio Version 16
VisualStudioVersion = 16.0.30406.217
MinimumVisualStudioVersion = 10.0.40219.1
Project("{FAE04EC0-301F-11D3-BF4B-00C04F79EFBC}") = "8.-  Ejercicio 8", "8.-  Ejercicio 8.csproj", "{A0A44BD6-92A4-4BBC-9E73-B47797E26E32}"
EndProject
Global
	GlobalSection(SolutionConfigurationPlatforms) = preSolution
		Debug|Any CPU = Debug|Any CPU
		Release|Any CPU = Release|Any CPU
	EndGlobalSection
	GlobalSection(ProjectConfigurationPlatforms) = postSolution
		{A0A44BD6-92A4-4BBC-9E73-B47797E26E32}.Debug|Any CPU.ActiveCfg = Debug|Any CPU
		{A0A44BD6-92A4-4BBC-9E73-B47797E26E32}.Debug|Any CPU.Build.0 = Debug|Any CPU
		{A0A44BD6-92A4-4BBC-9E73-B47797E26E32}.Release|Any CPU.ActiveCfg = Release|Any CPU
		{A0A44BD6-92A4-4BBC-9E73-B47797E26E32}.Release|Any CPU.Build.0 = Release|Any CPU
	EndGlobalSection
	GlobalSection(SolutionProperties) = preSolution
		HideSolutionNode = FALSE
	EndGlobalSection
	GlobalSection(ExtensibilityGlobals) = postSolution
		SolutionGuid = {F27C2F76-4773-44BC-B722-8F3965D85C6A}
	EndGlobalSection
EndGlobal
