
Microsoft Visual Studio Solution File, Format Version 12.00
# Visual Studio Version 16
VisualStudioVersion = 16.0.30330.147
MinimumVisualStudioVersion = 10.0.40219.1
Project("{FAE04EC0-301F-11D3-BF4B-00C04F79EFBC}") = "algoritmo18", "algoritmo18.csproj", "{A459FACB-0922-483F-BBD9-274ABC0E4FB1}"
EndProject
Global
	GlobalSection(SolutionConfigurationPlatforms) = preSolution
		Debug|Any CPU = Debug|Any CPU
		Release|Any CPU = Release|Any CPU
	EndGlobalSection
	GlobalSection(ProjectConfigurationPlatforms) = postSolution
		{A459FACB-0922-483F-BBD9-274ABC0E4FB1}.Debug|Any CPU.ActiveCfg = Debug|Any CPU
		{A459FACB-0922-483F-BBD9-274ABC0E4FB1}.Debug|Any CPU.Build.0 = Debug|Any CPU
		{A459FACB-0922-483F-BBD9-274ABC0E4FB1}.Release|Any CPU.ActiveCfg = Release|Any CPU
		{A459FACB-0922-483F-BBD9-274ABC0E4FB1}.Release|Any CPU.Build.0 = Release|Any CPU
	EndGlobalSection
	GlobalSection(SolutionProperties) = preSolution
		HideSolutionNode = FALSE
	EndGlobalSection
	GlobalSection(ExtensibilityGlobals) = postSolution
		SolutionGuid = {554E4366-837B-4427-BB86-BBEAA8A3AE6F}
	EndGlobalSection
EndGlobal
