
Microsoft Visual Studio Solution File, Format Version 12.00
# Visual Studio Version 16
VisualStudioVersion = 16.0.30413.136
MinimumVisualStudioVersion = 10.0.40219.1
Project("{FAE04EC0-301F-11D3-BF4B-00C04F79EFBC}") = "ejercicio11", "ejercicio11\ejercicio11.csproj", "{B6D21398-1FB6-4341-A796-86E050DCE335}"
EndProject
Global
	GlobalSection(SolutionConfigurationPlatforms) = preSolution
		Debug|Any CPU = Debug|Any CPU
		Release|Any CPU = Release|Any CPU
	EndGlobalSection
	GlobalSection(ProjectConfigurationPlatforms) = postSolution
		{B6D21398-1FB6-4341-A796-86E050DCE335}.Debug|Any CPU.ActiveCfg = Debug|Any CPU
		{B6D21398-1FB6-4341-A796-86E050DCE335}.Debug|Any CPU.Build.0 = Debug|Any CPU
		{B6D21398-1FB6-4341-A796-86E050DCE335}.Release|Any CPU.ActiveCfg = Release|Any CPU
		{B6D21398-1FB6-4341-A796-86E050DCE335}.Release|Any CPU.Build.0 = Release|Any CPU
	EndGlobalSection
	GlobalSection(SolutionProperties) = preSolution
		HideSolutionNode = FALSE
	EndGlobalSection
	GlobalSection(ExtensibilityGlobals) = postSolution
		SolutionGuid = {5571DCDF-AD71-4B4A-83BE-B6FECA06B953}
	EndGlobalSection
EndGlobal
