
Microsoft Visual Studio Solution File, Format Version 12.00
# Visual Studio Version 16
VisualStudioVersion = 16.0.30406.217
MinimumVisualStudioVersion = 10.0.40219.1
Project("{FAE04EC0-301F-11D3-BF4B-00C04F79EFBC}") = "13.- Ejercicio 13", "13.- Ejercicio 13.csproj", "{D0B1390B-65C6-4532-A07D-EE4BCD91F4FD}"
EndProject
Global
	GlobalSection(SolutionConfigurationPlatforms) = preSolution
		Debug|Any CPU = Debug|Any CPU
		Release|Any CPU = Release|Any CPU
	EndGlobalSection
	GlobalSection(ProjectConfigurationPlatforms) = postSolution
		{D0B1390B-65C6-4532-A07D-EE4BCD91F4FD}.Debug|Any CPU.ActiveCfg = Debug|Any CPU
		{D0B1390B-65C6-4532-A07D-EE4BCD91F4FD}.Debug|Any CPU.Build.0 = Debug|Any CPU
		{D0B1390B-65C6-4532-A07D-EE4BCD91F4FD}.Release|Any CPU.ActiveCfg = Release|Any CPU
		{D0B1390B-65C6-4532-A07D-EE4BCD91F4FD}.Release|Any CPU.Build.0 = Release|Any CPU
	EndGlobalSection
	GlobalSection(SolutionProperties) = preSolution
		HideSolutionNode = FALSE
	EndGlobalSection
	GlobalSection(ExtensibilityGlobals) = postSolution
		SolutionGuid = {47E689E0-ACC0-40DD-A11E-11DE3F4DFCC2}
	EndGlobalSection
EndGlobal
