
Microsoft Visual Studio Solution File, Format Version 12.00
# Visual Studio Version 16
VisualStudioVersion = 16.0.30406.217
MinimumVisualStudioVersion = 10.0.40219.1
Project("{FAE04EC0-301F-11D3-BF4B-00C04F79EFBC}") = "4.- Ejemplo 4", "4.- Ejemplo 4.csproj", "{94CCE1B7-C729-482B-98DE-1703CB4991A7}"
EndProject
Global
	GlobalSection(SolutionConfigurationPlatforms) = preSolution
		Debug|Any CPU = Debug|Any CPU
		Release|Any CPU = Release|Any CPU
	EndGlobalSection
	GlobalSection(ProjectConfigurationPlatforms) = postSolution
		{94CCE1B7-C729-482B-98DE-1703CB4991A7}.Debug|Any CPU.ActiveCfg = Debug|Any CPU
		{94CCE1B7-C729-482B-98DE-1703CB4991A7}.Debug|Any CPU.Build.0 = Debug|Any CPU
		{94CCE1B7-C729-482B-98DE-1703CB4991A7}.Release|Any CPU.ActiveCfg = Release|Any CPU
		{94CCE1B7-C729-482B-98DE-1703CB4991A7}.Release|Any CPU.Build.0 = Release|Any CPU
	EndGlobalSection
	GlobalSection(SolutionProperties) = preSolution
		HideSolutionNode = FALSE
	EndGlobalSection
	GlobalSection(ExtensibilityGlobals) = postSolution
		SolutionGuid = {7A71EFC4-8DAA-4C2A-8EAF-CF0F29041D8A}
	EndGlobalSection
EndGlobal
