
Microsoft Visual Studio Solution File, Format Version 12.00
# Visual Studio Version 16
VisualStudioVersion = 16.0.30011.22
MinimumVisualStudioVersion = 10.0.40219.1
Project("{FAE04EC0-301F-11D3-BF4B-00C04F79EFBC}") = "1.- Arreglo1", "1.- Arreglo1.csproj", "{64D006ED-1709-4AA6-8B44-FC9F00AF164D}"
EndProject
Global
	GlobalSection(SolutionConfigurationPlatforms) = preSolution
		Debug|Any CPU = Debug|Any CPU
		Release|Any CPU = Release|Any CPU
	EndGlobalSection
	GlobalSection(ProjectConfigurationPlatforms) = postSolution
		{64D006ED-1709-4AA6-8B44-FC9F00AF164D}.Debug|Any CPU.ActiveCfg = Debug|Any CPU
		{64D006ED-1709-4AA6-8B44-FC9F00AF164D}.Debug|Any CPU.Build.0 = Debug|Any CPU
		{64D006ED-1709-4AA6-8B44-FC9F00AF164D}.Release|Any CPU.ActiveCfg = Release|Any CPU
		{64D006ED-1709-4AA6-8B44-FC9F00AF164D}.Release|Any CPU.Build.0 = Release|Any CPU
	EndGlobalSection
	GlobalSection(SolutionProperties) = preSolution
		HideSolutionNode = FALSE
	EndGlobalSection
	GlobalSection(ExtensibilityGlobals) = postSolution
		SolutionGuid = {4C5489BE-8C4F-4312-B918-BF1E3B68ED5A}
	EndGlobalSection
EndGlobal
