
Microsoft Visual Studio Solution File, Format Version 12.00
# Visual Studio Version 16
VisualStudioVersion = 16.0.30330.147
MinimumVisualStudioVersion = 10.0.40219.1
Project("{FAE04EC0-301F-11D3-BF4B-00C04F79EFBC}") = "algoritmo5", "algoritmo5.csproj", "{7048BBAA-33E1-45CA-9AA0-EE82DE5F4B44}"
EndProject
Global
	GlobalSection(SolutionConfigurationPlatforms) = preSolution
		Debug|Any CPU = Debug|Any CPU
		Release|Any CPU = Release|Any CPU
	EndGlobalSection
	GlobalSection(ProjectConfigurationPlatforms) = postSolution
		{7048BBAA-33E1-45CA-9AA0-EE82DE5F4B44}.Debug|Any CPU.ActiveCfg = Debug|Any CPU
		{7048BBAA-33E1-45CA-9AA0-EE82DE5F4B44}.Debug|Any CPU.Build.0 = Debug|Any CPU
		{7048BBAA-33E1-45CA-9AA0-EE82DE5F4B44}.Release|Any CPU.ActiveCfg = Release|Any CPU
		{7048BBAA-33E1-45CA-9AA0-EE82DE5F4B44}.Release|Any CPU.Build.0 = Release|Any CPU
	EndGlobalSection
	GlobalSection(SolutionProperties) = preSolution
		HideSolutionNode = FALSE
	EndGlobalSection
	GlobalSection(ExtensibilityGlobals) = postSolution
		SolutionGuid = {E1FB28FA-99A5-4075-B6AE-DF64FA1FE060}
	EndGlobalSection
EndGlobal
