
Microsoft Visual Studio Solution File, Format Version 12.00
# Visual Studio Version 16
VisualStudioVersion = 16.0.30413.136
MinimumVisualStudioVersion = 10.0.40219.1
Project("{FAE04EC0-301F-11D3-BF4B-00C04F79EFBC}") = "ejercicio12", "ejercicio12\ejercicio12.csproj", "{49CF0585-2135-49B6-87F5-3FF2F7021C71}"
EndProject
Global
	GlobalSection(SolutionConfigurationPlatforms) = preSolution
		Debug|Any CPU = Debug|Any CPU
		Release|Any CPU = Release|Any CPU
	EndGlobalSection
	GlobalSection(ProjectConfigurationPlatforms) = postSolution
		{49CF0585-2135-49B6-87F5-3FF2F7021C71}.Debug|Any CPU.ActiveCfg = Debug|Any CPU
		{49CF0585-2135-49B6-87F5-3FF2F7021C71}.Debug|Any CPU.Build.0 = Debug|Any CPU
		{49CF0585-2135-49B6-87F5-3FF2F7021C71}.Release|Any CPU.ActiveCfg = Release|Any CPU
		{49CF0585-2135-49B6-87F5-3FF2F7021C71}.Release|Any CPU.Build.0 = Release|Any CPU
	EndGlobalSection
	GlobalSection(SolutionProperties) = preSolution
		HideSolutionNode = FALSE
	EndGlobalSection
	GlobalSection(ExtensibilityGlobals) = postSolution
		SolutionGuid = {68E0D574-40AE-412E-B0F0-DF9606E4E8A0}
	EndGlobalSection
EndGlobal
