
Microsoft Visual Studio Solution File, Format Version 12.00
# Visual Studio Version 16
VisualStudioVersion = 16.0.30503.244
MinimumVisualStudioVersion = 10.0.40219.1
Project("{FAE04EC0-301F-11D3-BF4B-00C04F79EFBC}") = "Ejercicio 8", "Ejercicio 8.csproj", "{3CB17EF0-E269-4FA9-BAC2-08634618AE2D}"
EndProject
Global
	GlobalSection(SolutionConfigurationPlatforms) = preSolution
		Debug|Any CPU = Debug|Any CPU
		Release|Any CPU = Release|Any CPU
	EndGlobalSection
	GlobalSection(ProjectConfigurationPlatforms) = postSolution
		{3CB17EF0-E269-4FA9-BAC2-08634618AE2D}.Debug|Any CPU.ActiveCfg = Debug|Any CPU
		{3CB17EF0-E269-4FA9-BAC2-08634618AE2D}.Debug|Any CPU.Build.0 = Debug|Any CPU
		{3CB17EF0-E269-4FA9-BAC2-08634618AE2D}.Release|Any CPU.ActiveCfg = Release|Any CPU
		{3CB17EF0-E269-4FA9-BAC2-08634618AE2D}.Release|Any CPU.Build.0 = Release|Any CPU
	EndGlobalSection
	GlobalSection(SolutionProperties) = preSolution
		HideSolutionNode = FALSE
	EndGlobalSection
	GlobalSection(ExtensibilityGlobals) = postSolution
		SolutionGuid = {3C314F7C-89A7-48D3-8D50-8BD7CC3DC3F0}
	EndGlobalSection
EndGlobal
