
Microsoft Visual Studio Solution File, Format Version 12.00
# Visual Studio Version 16
VisualStudioVersion = 16.0.30330.147
MinimumVisualStudioVersion = 10.0.40219.1
Project("{FAE04EC0-301F-11D3-BF4B-00C04F79EFBC}") = "algortimo3", "algortimo3.csproj", "{059509CA-A54C-4EE8-9B81-E6B44689431C}"
EndProject
Global
	GlobalSection(SolutionConfigurationPlatforms) = preSolution
		Debug|Any CPU = Debug|Any CPU
		Release|Any CPU = Release|Any CPU
	EndGlobalSection
	GlobalSection(ProjectConfigurationPlatforms) = postSolution
		{059509CA-A54C-4EE8-9B81-E6B44689431C}.Debug|Any CPU.ActiveCfg = Debug|Any CPU
		{059509CA-A54C-4EE8-9B81-E6B44689431C}.Debug|Any CPU.Build.0 = Debug|Any CPU
		{059509CA-A54C-4EE8-9B81-E6B44689431C}.Release|Any CPU.ActiveCfg = Release|Any CPU
		{059509CA-A54C-4EE8-9B81-E6B44689431C}.Release|Any CPU.Build.0 = Release|Any CPU
	EndGlobalSection
	GlobalSection(SolutionProperties) = preSolution
		HideSolutionNode = FALSE
	EndGlobalSection
	GlobalSection(ExtensibilityGlobals) = postSolution
		SolutionGuid = {465B1126-AA1C-4455-983A-AE5562D6E97A}
	EndGlobalSection
EndGlobal
