
Microsoft Visual Studio Solution File, Format Version 12.00
# Visual Studio Version 16
VisualStudioVersion = 16.0.29519.181
MinimumVisualStudioVersion = 10.0.40219.1
Project("{FAE04EC0-301F-11D3-BF4B-00C04F79EFBC}") = "ejercicio17", "ejercicio17.csproj", "{89E040EA-261F-43AD-ABAB-FE58CFEAFD17}"
EndProject
Global
	GlobalSection(SolutionConfigurationPlatforms) = preSolution
		Debug|Any CPU = Debug|Any CPU
		Release|Any CPU = Release|Any CPU
	EndGlobalSection
	GlobalSection(ProjectConfigurationPlatforms) = postSolution
		{89E040EA-261F-43AD-ABAB-FE58CFEAFD17}.Debug|Any CPU.ActiveCfg = Debug|Any CPU
		{89E040EA-261F-43AD-ABAB-FE58CFEAFD17}.Debug|Any CPU.Build.0 = Debug|Any CPU
		{89E040EA-261F-43AD-ABAB-FE58CFEAFD17}.Release|Any CPU.ActiveCfg = Release|Any CPU
		{89E040EA-261F-43AD-ABAB-FE58CFEAFD17}.Release|Any CPU.Build.0 = Release|Any CPU
	EndGlobalSection
	GlobalSection(SolutionProperties) = preSolution
		HideSolutionNode = FALSE
	EndGlobalSection
	GlobalSection(ExtensibilityGlobals) = postSolution
		SolutionGuid = {D8710347-9CCA-42B1-98E0-AE0B5E6BD8C0}
	EndGlobalSection
EndGlobal
