
Microsoft Visual Studio Solution File, Format Version 12.00
# Visual Studio Version 16
VisualStudioVersion = 16.0.30517.126
MinimumVisualStudioVersion = 10.0.40219.1
Project("{FAE04EC0-301F-11D3-BF4B-00C04F79EFBC}") = "1.- Cadena 1", "1.- Cadena 1.csproj", "{337EF555-A722-4F4C-9051-C21D683F3475}"
EndProject
Global
	GlobalSection(SolutionConfigurationPlatforms) = preSolution
		Debug|Any CPU = Debug|Any CPU
		Release|Any CPU = Release|Any CPU
	EndGlobalSection
	GlobalSection(ProjectConfigurationPlatforms) = postSolution
		{337EF555-A722-4F4C-9051-C21D683F3475}.Debug|Any CPU.ActiveCfg = Debug|Any CPU
		{337EF555-A722-4F4C-9051-C21D683F3475}.Debug|Any CPU.Build.0 = Debug|Any CPU
		{337EF555-A722-4F4C-9051-C21D683F3475}.Release|Any CPU.ActiveCfg = Release|Any CPU
		{337EF555-A722-4F4C-9051-C21D683F3475}.Release|Any CPU.Build.0 = Release|Any CPU
	EndGlobalSection
	GlobalSection(SolutionProperties) = preSolution
		HideSolutionNode = FALSE
	EndGlobalSection
	GlobalSection(ExtensibilityGlobals) = postSolution
		SolutionGuid = {CE6E8DFC-BDD8-4F7A-AAE4-13C57304380C}
	EndGlobalSection
EndGlobal
