
Microsoft Visual Studio Solution File, Format Version 12.00
# Visual Studio Version 16
VisualStudioVersion = 16.0.30413.136
MinimumVisualStudioVersion = 10.0.40219.1
Project("{FAE04EC0-301F-11D3-BF4B-00C04F79EFBC}") = "ejercicio16", "ejercicio16\ejercicio16.csproj", "{193E8192-8560-4253-BC03-B691A8AFB72A}"
EndProject
Global
	GlobalSection(SolutionConfigurationPlatforms) = preSolution
		Debug|Any CPU = Debug|Any CPU
		Release|Any CPU = Release|Any CPU
	EndGlobalSection
	GlobalSection(ProjectConfigurationPlatforms) = postSolution
		{193E8192-8560-4253-BC03-B691A8AFB72A}.Debug|Any CPU.ActiveCfg = Debug|Any CPU
		{193E8192-8560-4253-BC03-B691A8AFB72A}.Debug|Any CPU.Build.0 = Debug|Any CPU
		{193E8192-8560-4253-BC03-B691A8AFB72A}.Release|Any CPU.ActiveCfg = Release|Any CPU
		{193E8192-8560-4253-BC03-B691A8AFB72A}.Release|Any CPU.Build.0 = Release|Any CPU
	EndGlobalSection
	GlobalSection(SolutionProperties) = preSolution
		HideSolutionNode = FALSE
	EndGlobalSection
	GlobalSection(ExtensibilityGlobals) = postSolution
		SolutionGuid = {4891574F-EEA9-413D-B1C6-A81BB0AF64EB}
	EndGlobalSection
EndGlobal
