
Microsoft Visual Studio Solution File, Format Version 12.00
# Visual Studio Version 16
VisualStudioVersion = 16.0.30413.136
MinimumVisualStudioVersion = 10.0.40219.1
Project("{FAE04EC0-301F-11D3-BF4B-00C04F79EFBC}") = "ejercicio4", "ejercicio4\ejercicio4.csproj", "{4BB3CCD1-7B2B-4BE6-BE02-7746854DF324}"
EndProject
Global
	GlobalSection(SolutionConfigurationPlatforms) = preSolution
		Debug|Any CPU = Debug|Any CPU
		Release|Any CPU = Release|Any CPU
	EndGlobalSection
	GlobalSection(ProjectConfigurationPlatforms) = postSolution
		{4BB3CCD1-7B2B-4BE6-BE02-7746854DF324}.Debug|Any CPU.ActiveCfg = Debug|Any CPU
		{4BB3CCD1-7B2B-4BE6-BE02-7746854DF324}.Debug|Any CPU.Build.0 = Debug|Any CPU
		{4BB3CCD1-7B2B-4BE6-BE02-7746854DF324}.Release|Any CPU.ActiveCfg = Release|Any CPU
		{4BB3CCD1-7B2B-4BE6-BE02-7746854DF324}.Release|Any CPU.Build.0 = Release|Any CPU
	EndGlobalSection
	GlobalSection(SolutionProperties) = preSolution
		HideSolutionNode = FALSE
	EndGlobalSection
	GlobalSection(ExtensibilityGlobals) = postSolution
		SolutionGuid = {791FEB9C-67A2-43E3-9B5E-B999D53F3D9D}
	EndGlobalSection
EndGlobal
