
Microsoft Visual Studio Solution File, Format Version 12.00
# Visual Studio Version 16
VisualStudioVersion = 16.0.29519.181
MinimumVisualStudioVersion = 10.0.40219.1
Project("{FAE04EC0-301F-11D3-BF4B-00C04F79EFBC}") = "ejercicio10", "ejercicio10.csproj", "{66F57548-D636-4973-B741-7A0EF9DC3CBD}"
EndProject
Global
	GlobalSection(SolutionConfigurationPlatforms) = preSolution
		Debug|Any CPU = Debug|Any CPU
		Release|Any CPU = Release|Any CPU
	EndGlobalSection
	GlobalSection(ProjectConfigurationPlatforms) = postSolution
		{66F57548-D636-4973-B741-7A0EF9DC3CBD}.Debug|Any CPU.ActiveCfg = Debug|Any CPU
		{66F57548-D636-4973-B741-7A0EF9DC3CBD}.Debug|Any CPU.Build.0 = Debug|Any CPU
		{66F57548-D636-4973-B741-7A0EF9DC3CBD}.Release|Any CPU.ActiveCfg = Release|Any CPU
		{66F57548-D636-4973-B741-7A0EF9DC3CBD}.Release|Any CPU.Build.0 = Release|Any CPU
	EndGlobalSection
	GlobalSection(SolutionProperties) = preSolution
		HideSolutionNode = FALSE
	EndGlobalSection
	GlobalSection(ExtensibilityGlobals) = postSolution
		SolutionGuid = {BA14715E-545F-440D-ADB9-B3C946907332}
	EndGlobalSection
EndGlobal
