
Microsoft Visual Studio Solution File, Format Version 12.00
# Visual Studio Version 16
VisualStudioVersion = 16.0.29519.181
MinimumVisualStudioVersion = 10.0.40219.1
Project("{FAE04EC0-301F-11D3-BF4B-00C04F79EFBC}") = "ejercicio1", "ejercicio1.csproj", "{C961C802-9425-4A3B-A4C2-ECECC8A4BE5A}"
EndProject
Global
	GlobalSection(SolutionConfigurationPlatforms) = preSolution
		Debug|Any CPU = Debug|Any CPU
		Release|Any CPU = Release|Any CPU
	EndGlobalSection
	GlobalSection(ProjectConfigurationPlatforms) = postSolution
		{C961C802-9425-4A3B-A4C2-ECECC8A4BE5A}.Debug|Any CPU.ActiveCfg = Debug|Any CPU
		{C961C802-9425-4A3B-A4C2-ECECC8A4BE5A}.Debug|Any CPU.Build.0 = Debug|Any CPU
		{C961C802-9425-4A3B-A4C2-ECECC8A4BE5A}.Release|Any CPU.ActiveCfg = Release|Any CPU
		{C961C802-9425-4A3B-A4C2-ECECC8A4BE5A}.Release|Any CPU.Build.0 = Release|Any CPU
	EndGlobalSection
	GlobalSection(SolutionProperties) = preSolution
		HideSolutionNode = FALSE
	EndGlobalSection
	GlobalSection(ExtensibilityGlobals) = postSolution
		SolutionGuid = {E698F63F-55FE-4A32-B892-5A0217F76755}
	EndGlobalSection
EndGlobal
