
Microsoft Visual Studio Solution File, Format Version 12.00
# Visual Studio Version 16
VisualStudioVersion = 16.0.30406.217
MinimumVisualStudioVersion = 10.0.40219.1
Project("{FAE04EC0-301F-11D3-BF4B-00C04F79EFBC}") = "4.- Ejercicio 4", "4.- Ejercicio 4.csproj", "{7369BA6F-F779-4B1E-9C67-188F9BEC68F7}"
EndProject
Global
	GlobalSection(SolutionConfigurationPlatforms) = preSolution
		Debug|Any CPU = Debug|Any CPU
		Release|Any CPU = Release|Any CPU
	EndGlobalSection
	GlobalSection(ProjectConfigurationPlatforms) = postSolution
		{7369BA6F-F779-4B1E-9C67-188F9BEC68F7}.Debug|Any CPU.ActiveCfg = Debug|Any CPU
		{7369BA6F-F779-4B1E-9C67-188F9BEC68F7}.Debug|Any CPU.Build.0 = Debug|Any CPU
		{7369BA6F-F779-4B1E-9C67-188F9BEC68F7}.Release|Any CPU.ActiveCfg = Release|Any CPU
		{7369BA6F-F779-4B1E-9C67-188F9BEC68F7}.Release|Any CPU.Build.0 = Release|Any CPU
	EndGlobalSection
	GlobalSection(SolutionProperties) = preSolution
		HideSolutionNode = FALSE
	EndGlobalSection
	GlobalSection(ExtensibilityGlobals) = postSolution
		SolutionGuid = {B2114357-54FF-4F00-93BD-9B04547690D1}
	EndGlobalSection
EndGlobal
