
Microsoft Visual Studio Solution File, Format Version 12.00
# Visual Studio Version 16
VisualStudioVersion = 16.0.30503.244
MinimumVisualStudioVersion = 10.0.40219.1
Project("{FAE04EC0-301F-11D3-BF4B-00C04F79EFBC}") = "1.- Matrices1", "1.- Matrices1.csproj", "{506DBE8C-9F75-421A-867E-69CDFA94387E}"
EndProject
Global
	GlobalSection(SolutionConfigurationPlatforms) = preSolution
		Debug|Any CPU = Debug|Any CPU
		Release|Any CPU = Release|Any CPU
	EndGlobalSection
	GlobalSection(ProjectConfigurationPlatforms) = postSolution
		{506DBE8C-9F75-421A-867E-69CDFA94387E}.Debug|Any CPU.ActiveCfg = Debug|Any CPU
		{506DBE8C-9F75-421A-867E-69CDFA94387E}.Debug|Any CPU.Build.0 = Debug|Any CPU
		{506DBE8C-9F75-421A-867E-69CDFA94387E}.Release|Any CPU.ActiveCfg = Release|Any CPU
		{506DBE8C-9F75-421A-867E-69CDFA94387E}.Release|Any CPU.Build.0 = Release|Any CPU
	EndGlobalSection
	GlobalSection(SolutionProperties) = preSolution
		HideSolutionNode = FALSE
	EndGlobalSection
	GlobalSection(ExtensibilityGlobals) = postSolution
		SolutionGuid = {3DCBA9D7-AF3A-4CCC-8C62-3A2D147629D6}
	EndGlobalSection
EndGlobal
