
Microsoft Visual Studio Solution File, Format Version 12.00
# Visual Studio Version 16
VisualStudioVersion = 16.0.30011.22
MinimumVisualStudioVersion = 10.0.40219.1
Project("{FAE04EC0-301F-11D3-BF4B-00C04F79EFBC}") = "ElseAnidado1", "ElseAnidado1.csproj", "{754B1D5D-AB88-4985-AFB4-6F3266844EE5}"
EndProject
Global
	GlobalSection(SolutionConfigurationPlatforms) = preSolution
		Debug|Any CPU = Debug|Any CPU
		Release|Any CPU = Release|Any CPU
	EndGlobalSection
	GlobalSection(ProjectConfigurationPlatforms) = postSolution
		{754B1D5D-AB88-4985-AFB4-6F3266844EE5}.Debug|Any CPU.ActiveCfg = Debug|Any CPU
		{754B1D5D-AB88-4985-AFB4-6F3266844EE5}.Debug|Any CPU.Build.0 = Debug|Any CPU
		{754B1D5D-AB88-4985-AFB4-6F3266844EE5}.Release|Any CPU.ActiveCfg = Release|Any CPU
		{754B1D5D-AB88-4985-AFB4-6F3266844EE5}.Release|Any CPU.Build.0 = Release|Any CPU
	EndGlobalSection
	GlobalSection(SolutionProperties) = preSolution
		HideSolutionNode = FALSE
	EndGlobalSection
	GlobalSection(ExtensibilityGlobals) = postSolution
		SolutionGuid = {83C13566-5E8A-4CBE-909B-900F8728DE0B}
	EndGlobalSection
EndGlobal
