
Microsoft Visual Studio Solution File, Format Version 12.00
# Visual Studio Version 16
VisualStudioVersion = 16.0.29519.181
MinimumVisualStudioVersion = 10.0.40219.1
Project("{FAE04EC0-301F-11D3-BF4B-00C04F79EFBC}") = "ejercicio17", "ejercicio17.csproj", "{62E3070C-5C0F-4F84-9533-4B12AABC22ED}"
EndProject
Global
	GlobalSection(SolutionConfigurationPlatforms) = preSolution
		Debug|Any CPU = Debug|Any CPU
		Release|Any CPU = Release|Any CPU
	EndGlobalSection
	GlobalSection(ProjectConfigurationPlatforms) = postSolution
		{62E3070C-5C0F-4F84-9533-4B12AABC22ED}.Debug|Any CPU.ActiveCfg = Debug|Any CPU
		{62E3070C-5C0F-4F84-9533-4B12AABC22ED}.Debug|Any CPU.Build.0 = Debug|Any CPU
		{62E3070C-5C0F-4F84-9533-4B12AABC22ED}.Release|Any CPU.ActiveCfg = Release|Any CPU
		{62E3070C-5C0F-4F84-9533-4B12AABC22ED}.Release|Any CPU.Build.0 = Release|Any CPU
	EndGlobalSection
	GlobalSection(SolutionProperties) = preSolution
		HideSolutionNode = FALSE
	EndGlobalSection
	GlobalSection(ExtensibilityGlobals) = postSolution
		SolutionGuid = {491507F3-5A3B-4425-8335-C65AAB72ADA6}
	EndGlobalSection
EndGlobal
