
Microsoft Visual Studio Solution File, Format Version 12.00
# Visual Studio Version 16
VisualStudioVersion = 16.0.29519.181
MinimumVisualStudioVersion = 10.0.40219.1
Project("{FAE04EC0-301F-11D3-BF4B-00C04F79EFBC}") = "ejercicio2", "ejercicio2.csproj", "{82FCC579-5C40-4D31-B36C-3649BE892B51}"
EndProject
Global
	GlobalSection(SolutionConfigurationPlatforms) = preSolution
		Debug|Any CPU = Debug|Any CPU
		Release|Any CPU = Release|Any CPU
	EndGlobalSection
	GlobalSection(ProjectConfigurationPlatforms) = postSolution
		{82FCC579-5C40-4D31-B36C-3649BE892B51}.Debug|Any CPU.ActiveCfg = Debug|Any CPU
		{82FCC579-5C40-4D31-B36C-3649BE892B51}.Debug|Any CPU.Build.0 = Debug|Any CPU
		{82FCC579-5C40-4D31-B36C-3649BE892B51}.Release|Any CPU.ActiveCfg = Release|Any CPU
		{82FCC579-5C40-4D31-B36C-3649BE892B51}.Release|Any CPU.Build.0 = Release|Any CPU
	EndGlobalSection
	GlobalSection(SolutionProperties) = preSolution
		HideSolutionNode = FALSE
	EndGlobalSection
	GlobalSection(ExtensibilityGlobals) = postSolution
		SolutionGuid = {0C2FBBC7-49A3-4C9F-957C-820AAF2F75BE}
	EndGlobalSection
EndGlobal
