
Microsoft Visual Studio Solution File, Format Version 12.00
# Visual Studio Version 16
VisualStudioVersion = 16.0.29519.181
MinimumVisualStudioVersion = 10.0.40219.1
Project("{FAE04EC0-301F-11D3-BF4B-00C04F79EFBC}") = "ejercicio8", "ejercicio8.csproj", "{44C450BC-D569-42A0-AA0A-17C09F6F6A6B}"
EndProject
Global
	GlobalSection(SolutionConfigurationPlatforms) = preSolution
		Debug|Any CPU = Debug|Any CPU
		Release|Any CPU = Release|Any CPU
	EndGlobalSection
	GlobalSection(ProjectConfigurationPlatforms) = postSolution
		{44C450BC-D569-42A0-AA0A-17C09F6F6A6B}.Debug|Any CPU.ActiveCfg = Debug|Any CPU
		{44C450BC-D569-42A0-AA0A-17C09F6F6A6B}.Debug|Any CPU.Build.0 = Debug|Any CPU
		{44C450BC-D569-42A0-AA0A-17C09F6F6A6B}.Release|Any CPU.ActiveCfg = Release|Any CPU
		{44C450BC-D569-42A0-AA0A-17C09F6F6A6B}.Release|Any CPU.Build.0 = Release|Any CPU
	EndGlobalSection
	GlobalSection(SolutionProperties) = preSolution
		HideSolutionNode = FALSE
	EndGlobalSection
	GlobalSection(ExtensibilityGlobals) = postSolution
		SolutionGuid = {FDEF9E5D-8D29-4B7E-8A94-2D3739412023}
	EndGlobalSection
EndGlobal
