
Microsoft Visual Studio Solution File, Format Version 12.00
# Visual Studio Version 16
VisualStudioVersion = 16.0.30517.126
MinimumVisualStudioVersion = 10.0.40219.1
Project("{FAE04EC0-301F-11D3-BF4B-00C04F79EFBC}") = "2.- Cadena 2", "2.- Cadena 2.csproj", "{A7DB3210-5D91-4F27-83A8-642D52F8CD2C}"
EndProject
Global
	GlobalSection(SolutionConfigurationPlatforms) = preSolution
		Debug|Any CPU = Debug|Any CPU
		Release|Any CPU = Release|Any CPU
	EndGlobalSection
	GlobalSection(ProjectConfigurationPlatforms) = postSolution
		{A7DB3210-5D91-4F27-83A8-642D52F8CD2C}.Debug|Any CPU.ActiveCfg = Debug|Any CPU
		{A7DB3210-5D91-4F27-83A8-642D52F8CD2C}.Debug|Any CPU.Build.0 = Debug|Any CPU
		{A7DB3210-5D91-4F27-83A8-642D52F8CD2C}.Release|Any CPU.ActiveCfg = Release|Any CPU
		{A7DB3210-5D91-4F27-83A8-642D52F8CD2C}.Release|Any CPU.Build.0 = Release|Any CPU
	EndGlobalSection
	GlobalSection(SolutionProperties) = preSolution
		HideSolutionNode = FALSE
	EndGlobalSection
	GlobalSection(ExtensibilityGlobals) = postSolution
		SolutionGuid = {F525F0E6-3225-4FAF-89E4-B4FE407C83C4}
	EndGlobalSection
EndGlobal
