
Microsoft Visual Studio Solution File, Format Version 12.00
# Visual Studio Version 16
VisualStudioVersion = 16.0.30406.217
MinimumVisualStudioVersion = 10.0.40219.1
Project("{FAE04EC0-301F-11D3-BF4B-00C04F79EFBC}") = "Ejer4", "Ejer4\Ejer4.csproj", "{E6E5CD81-9F32-4A7C-A45D-A7F549DAF6AF}"
EndProject
Global
	GlobalSection(SolutionConfigurationPlatforms) = preSolution
		Debug|Any CPU = Debug|Any CPU
		Release|Any CPU = Release|Any CPU
	EndGlobalSection
	GlobalSection(ProjectConfigurationPlatforms) = postSolution
		{E6E5CD81-9F32-4A7C-A45D-A7F549DAF6AF}.Debug|Any CPU.ActiveCfg = Debug|Any CPU
		{E6E5CD81-9F32-4A7C-A45D-A7F549DAF6AF}.Debug|Any CPU.Build.0 = Debug|Any CPU
		{E6E5CD81-9F32-4A7C-A45D-A7F549DAF6AF}.Release|Any CPU.ActiveCfg = Release|Any CPU
		{E6E5CD81-9F32-4A7C-A45D-A7F549DAF6AF}.Release|Any CPU.Build.0 = Release|Any CPU
	EndGlobalSection
	GlobalSection(SolutionProperties) = preSolution
		HideSolutionNode = FALSE
	EndGlobalSection
	GlobalSection(ExtensibilityGlobals) = postSolution
		SolutionGuid = {32E1033C-1DFA-4E10-BD97-9E4C410BA44E}
	EndGlobalSection
EndGlobal
