
Microsoft Visual Studio Solution File, Format Version 12.00
# Visual Studio Version 16
VisualStudioVersion = 16.0.30406.217
MinimumVisualStudioVersion = 10.0.40219.1
Project("{FAE04EC0-301F-11D3-BF4B-00C04F79EFBC}") = "ejercicio3", "ejercicio3.csproj", "{53029347-504F-4913-AFAD-E86448BD6EB3}"
EndProject
Global
	GlobalSection(SolutionConfigurationPlatforms) = preSolution
		Debug|Any CPU = Debug|Any CPU
		Release|Any CPU = Release|Any CPU
	EndGlobalSection
	GlobalSection(ProjectConfigurationPlatforms) = postSolution
		{53029347-504F-4913-AFAD-E86448BD6EB3}.Debug|Any CPU.ActiveCfg = Debug|Any CPU
		{53029347-504F-4913-AFAD-E86448BD6EB3}.Debug|Any CPU.Build.0 = Debug|Any CPU
		{53029347-504F-4913-AFAD-E86448BD6EB3}.Release|Any CPU.ActiveCfg = Release|Any CPU
		{53029347-504F-4913-AFAD-E86448BD6EB3}.Release|Any CPU.Build.0 = Release|Any CPU
	EndGlobalSection
	GlobalSection(SolutionProperties) = preSolution
		HideSolutionNode = FALSE
	EndGlobalSection
	GlobalSection(ExtensibilityGlobals) = postSolution
		SolutionGuid = {899AA9E5-CA07-45ED-8822-D4B410A26695}
	EndGlobalSection
EndGlobal
