
Microsoft Visual Studio Solution File, Format Version 12.00
# Visual Studio Version 16
VisualStudioVersion = 16.0.31605.320
MinimumVisualStudioVersion = 10.0.40219.1
Project("{FAE04EC0-301F-11D3-BF4B-00C04F79EFBC}") = "14_Switch", "14_Switch\14_Switch.csproj", "{C3C3F398-5F10-48E1-A1E9-81B21E8BB64A}"
EndProject
Global
	GlobalSection(SolutionConfigurationPlatforms) = preSolution
		Debug|Any CPU = Debug|Any CPU
		Release|Any CPU = Release|Any CPU
	EndGlobalSection
	GlobalSection(ProjectConfigurationPlatforms) = postSolution
		{C3C3F398-5F10-48E1-A1E9-81B21E8BB64A}.Debug|Any CPU.ActiveCfg = Debug|Any CPU
		{C3C3F398-5F10-48E1-A1E9-81B21E8BB64A}.Debug|Any CPU.Build.0 = Debug|Any CPU
		{C3C3F398-5F10-48E1-A1E9-81B21E8BB64A}.Release|Any CPU.ActiveCfg = Release|Any CPU
		{C3C3F398-5F10-48E1-A1E9-81B21E8BB64A}.Release|Any CPU.Build.0 = Release|Any CPU
	EndGlobalSection
	GlobalSection(SolutionProperties) = preSolution
		HideSolutionNode = FALSE
	EndGlobalSection
	GlobalSection(ExtensibilityGlobals) = postSolution
		SolutionGuid = {408F9C48-C9F0-483F-A1D3-5B82182167C6}
	EndGlobalSection
EndGlobal
