
Microsoft Visual Studio Solution File, Format Version 12.00
# Visual Studio Version 16
VisualStudioVersion = 16.0.29519.181
MinimumVisualStudioVersion = 10.0.40219.1
Project("{FAE04EC0-301F-11D3-BF4B-00C04F79EFBC}") = "ejercicio14", "ejercicio14.csproj", "{6193BDE0-D921-40BC-89CE-47113666F7F4}"
EndProject
Global
	GlobalSection(SolutionConfigurationPlatforms) = preSolution
		Debug|Any CPU = Debug|Any CPU
		Release|Any CPU = Release|Any CPU
	EndGlobalSection
	GlobalSection(ProjectConfigurationPlatforms) = postSolution
		{6193BDE0-D921-40BC-89CE-47113666F7F4}.Debug|Any CPU.ActiveCfg = Debug|Any CPU
		{6193BDE0-D921-40BC-89CE-47113666F7F4}.Debug|Any CPU.Build.0 = Debug|Any CPU
		{6193BDE0-D921-40BC-89CE-47113666F7F4}.Release|Any CPU.ActiveCfg = Release|Any CPU
		{6193BDE0-D921-40BC-89CE-47113666F7F4}.Release|Any CPU.Build.0 = Release|Any CPU
	EndGlobalSection
	GlobalSection(SolutionProperties) = preSolution
		HideSolutionNode = FALSE
	EndGlobalSection
	GlobalSection(ExtensibilityGlobals) = postSolution
		SolutionGuid = {DDC03C91-3CB2-4FDD-863C-870CF3ABD0FF}
	EndGlobalSection
EndGlobal
