
Microsoft Visual Studio Solution File, Format Version 12.00
# Visual Studio Version 16
VisualStudioVersion = 16.0.30406.217
MinimumVisualStudioVersion = 10.0.40219.1
Project("{FAE04EC0-301F-11D3-BF4B-00C04F79EFBC}") = "12.- Ejercicio 12", "12.- Ejercicio 12.csproj", "{C19A242F-1FA9-4D67-8B86-BA0978904A4E}"
EndProject
Global
	GlobalSection(SolutionConfigurationPlatforms) = preSolution
		Debug|Any CPU = Debug|Any CPU
		Release|Any CPU = Release|Any CPU
	EndGlobalSection
	GlobalSection(ProjectConfigurationPlatforms) = postSolution
		{C19A242F-1FA9-4D67-8B86-BA0978904A4E}.Debug|Any CPU.ActiveCfg = Debug|Any CPU
		{C19A242F-1FA9-4D67-8B86-BA0978904A4E}.Debug|Any CPU.Build.0 = Debug|Any CPU
		{C19A242F-1FA9-4D67-8B86-BA0978904A4E}.Release|Any CPU.ActiveCfg = Release|Any CPU
		{C19A242F-1FA9-4D67-8B86-BA0978904A4E}.Release|Any CPU.Build.0 = Release|Any CPU
	EndGlobalSection
	GlobalSection(SolutionProperties) = preSolution
		HideSolutionNode = FALSE
	EndGlobalSection
	GlobalSection(ExtensibilityGlobals) = postSolution
		SolutionGuid = {F248F2BC-48A9-4909-9892-BA713BD1CE08}
	EndGlobalSection
EndGlobal
