
Microsoft Visual Studio Solution File, Format Version 12.00
# Visual Studio Version 16
VisualStudioVersion = 16.0.30011.22
MinimumVisualStudioVersion = 10.0.40219.1
Project("{FAE04EC0-301F-11D3-BF4B-00C04F79EFBC}") = "Programa3", "Programa3.csproj", "{71917D9F-0143-4AA6-82D3-3B6256DBCB7D}"
EndProject
Global
	GlobalSection(SolutionConfigurationPlatforms) = preSolution
		Debug|Any CPU = Debug|Any CPU
		Release|Any CPU = Release|Any CPU
	EndGlobalSection
	GlobalSection(ProjectConfigurationPlatforms) = postSolution
		{71917D9F-0143-4AA6-82D3-3B6256DBCB7D}.Debug|Any CPU.ActiveCfg = Debug|Any CPU
		{71917D9F-0143-4AA6-82D3-3B6256DBCB7D}.Debug|Any CPU.Build.0 = Debug|Any CPU
		{71917D9F-0143-4AA6-82D3-3B6256DBCB7D}.Release|Any CPU.ActiveCfg = Release|Any CPU
		{71917D9F-0143-4AA6-82D3-3B6256DBCB7D}.Release|Any CPU.Build.0 = Release|Any CPU
	EndGlobalSection
	GlobalSection(SolutionProperties) = preSolution
		HideSolutionNode = FALSE
	EndGlobalSection
	GlobalSection(ExtensibilityGlobals) = postSolution
		SolutionGuid = {85F4FEB1-08AE-429B-8B0D-EB3DAE5411A8}
	EndGlobalSection
EndGlobal
