
Microsoft Visual Studio Solution File, Format Version 12.00
# Visual Studio Version 16
VisualStudioVersion = 16.0.30517.126
MinimumVisualStudioVersion = 10.0.40219.1
Project("{FAE04EC0-301F-11D3-BF4B-00C04F79EFBC}") = "5.- Cadena 5", "5.- Cadena 5.csproj", "{2774FCA9-B955-4DDC-85B0-40C47DD8E5A6}"
EndProject
Global
	GlobalSection(SolutionConfigurationPlatforms) = preSolution
		Debug|Any CPU = Debug|Any CPU
		Release|Any CPU = Release|Any CPU
	EndGlobalSection
	GlobalSection(ProjectConfigurationPlatforms) = postSolution
		{2774FCA9-B955-4DDC-85B0-40C47DD8E5A6}.Debug|Any CPU.ActiveCfg = Debug|Any CPU
		{2774FCA9-B955-4DDC-85B0-40C47DD8E5A6}.Debug|Any CPU.Build.0 = Debug|Any CPU
		{2774FCA9-B955-4DDC-85B0-40C47DD8E5A6}.Release|Any CPU.ActiveCfg = Release|Any CPU
		{2774FCA9-B955-4DDC-85B0-40C47DD8E5A6}.Release|Any CPU.Build.0 = Release|Any CPU
	EndGlobalSection
	GlobalSection(SolutionProperties) = preSolution
		HideSolutionNode = FALSE
	EndGlobalSection
	GlobalSection(ExtensibilityGlobals) = postSolution
		SolutionGuid = {79EAED19-C77F-4CEA-8651-A0A0F5E2B52E}
	EndGlobalSection
EndGlobal
