
Microsoft Visual Studio Solution File, Format Version 12.00
# Visual Studio Version 16
VisualStudioVersion = 16.0.30011.22
MinimumVisualStudioVersion = 10.0.40219.1
Project("{FAE04EC0-301F-11D3-BF4B-00C04F79EFBC}") = "2.- Stack1", "2.- Stack1.csproj", "{4967054D-602E-4F85-A2E1-F5EC0E3E1BB1}"
EndProject
Global
	GlobalSection(SolutionConfigurationPlatforms) = preSolution
		Debug|Any CPU = Debug|Any CPU
		Release|Any CPU = Release|Any CPU
	EndGlobalSection
	GlobalSection(ProjectConfigurationPlatforms) = postSolution
		{4967054D-602E-4F85-A2E1-F5EC0E3E1BB1}.Debug|Any CPU.ActiveCfg = Debug|Any CPU
		{4967054D-602E-4F85-A2E1-F5EC0E3E1BB1}.Debug|Any CPU.Build.0 = Debug|Any CPU
		{4967054D-602E-4F85-A2E1-F5EC0E3E1BB1}.Release|Any CPU.ActiveCfg = Release|Any CPU
		{4967054D-602E-4F85-A2E1-F5EC0E3E1BB1}.Release|Any CPU.Build.0 = Release|Any CPU
	EndGlobalSection
	GlobalSection(SolutionProperties) = preSolution
		HideSolutionNode = FALSE
	EndGlobalSection
	GlobalSection(ExtensibilityGlobals) = postSolution
		SolutionGuid = {F8C55CDA-8A40-4950-855D-16361DE5AD79}
	EndGlobalSection
EndGlobal
